
Microsoft Visual Studio Solution File, Format Version 12.00
# Visual Studio Version 16
VisualStudioVersion = 16.0.31410.357
MinimumVisualStudioVersion = 10.0.40219.1
Project("{FAE04EC0-301F-11D3-BF4B-00C04F79EFBC}") = "ReceiptScanner", "ReceiptScanner\ReceiptScanner.csproj", "{7074105B-08E2-4993-A26A-CDFF46A21D4C}"
EndProject
Global
	GlobalSection(SolutionConfigurationPlatforms) = preSolution
		Debug|Any CPU = Debug|Any CPU
		Release|Any CPU = Release|Any CPU
	EndGlobalSection
	GlobalSection(ProjectConfigurationPlatforms) = postSolution
		{7074105B-08E2-4993-A26A-CDFF46A21D4C}.Debug|Any CPU.ActiveCfg = Debug|Any CPU
		{7074105B-08E2-4993-A26A-CDFF46A21D4C}.Debug|Any CPU.Build.0 = Debug|Any CPU
		{7074105B-08E2-4993-A26A-CDFF46A21D4C}.Release|Any CPU.ActiveCfg = Release|Any CPU
		{7074105B-08E2-4993-A26A-CDFF46A21D4C}.Release|Any CPU.Build.0 = Release|Any CPU
	EndGlobalSection
	GlobalSection(SolutionProperties) = preSolution
		HideSolutionNode = FALSE
	EndGlobalSection
	GlobalSection(ExtensibilityGlobals) = postSolution
		SolutionGuid = {FEFA05A4-1A72-4D5A-9164-49E5604DCE9A}
	EndGlobalSection
EndGlobal
